{
  "name": "OrcsTD",
  "version": "3.4.2",
  "lockfileVersion": 2,
  "requires": true,
  "packages": {
    "": {
      "name": "OrcsTD",
      "version": "3.4.2",
      "dependencies": {
        "miniprogram-api-typings": "^3.4.6"
      }
    },
    "node_modules/miniprogram-api-typings": {
      "version": "3.4.6",
      "resolved": "https://registry.npmjs.org/miniprogram-api-typings/-/miniprogram-api-typings-3.4.6.tgz",
      "integrity": "sha512-1/aAma9wWzu9KS8m/h4j43UHoKS+XO61kaUDdftnlgwEyBndr0jrPJf/gUzdZQOST0pkLWmF0IMotz+j/Nh5SQ=="
    }
  },
  "dependencies": {
    "miniprogram-api-typings": {
      "version": "3.4.6",
      "resolved": "https://registry.npmjs.org/miniprogram-api-typings/-/miniprogram-api-typings-3.4.6.tgz",
      "integrity": "sha512-1/aAma9wWzu9KS8m/h4j43UHoKS+XO61kaUDdftnlgwEyBndr0jrPJf/gUzdZQOST0pkLWmF0IMotz+j/Nh5SQ=="
    }
  }
}
